<?xml version="1.0" encoding="utf-8"?>
<Project ToolsVersion="4.0" xmlns="http://schemas.microsoft.com/developer/msbuild/2003">
  <ItemGroup>
    <Filter Include="Source Files">
      <UniqueIdentifier>{4FC737F1-C7A5-4376-A066-2A32D752A2FF}</UniqueIdentifier>
      <Extensions>cpp;c;cc;cxx;def;odl;idl;hpj;bat;asm;asmx</Extensions>
    </Filter>
    <Filter Include="Header Files">
      <UniqueIdentifier>{93995380-89BD-4b04-88EB-625FBE52EBFB}</UniqueIdentifier>
      <Extensions>h;hh;hpp;hxx;hm;inl;inc;xsd</Extensions>
    </Filter>
    <Filter Include="Resource Files">
      <UniqueIdentifier>{67DA6AB6-F800-4c08-8B7A-83BB121AAD01}</UniqueIdentifier>
      <Extensions>rc;ico;cur;bmp;dlg;rc2;rct;bin;rgs;gif;jpg;jpeg;jpe;resx;tiff;tif;png;wav</Extensions>
    </Filter>
  </ItemGroup>
  <ItemGroup>
    <ClCompile Include="eg01_normal.cpp">
      <Filter>Source Files</Filter>
    </ClCompile>
    <ClCompile Include="eg02_normal_priors.cpp">
      <Filter>Source Files</Filter>
    </ClCompile>
    <ClCompile Include="eg03_mixednormal.cpp">
      <Filter>Source Files</Filter>
    </ClCompile>
    <ClCompile Include="eg04_poisson.cpp">
      <Filter>Source Files</Filter>
    </ClCompile>
    <ClCompile Include="eg05_poisson_multispp.cpp">
      <Filter>Source Files</Filter>
    </ClCompile>
    <ClCompile Include="eg07_lr.cpp">
      <Filter>Source Files</Filter>
    </ClCompile>
    <ClCompile Include="eg09_stepfunction.cpp">
      <Filter>Source Files</Filter>
    </ClCompile>
    <ClCompile Include="egz1_plantgrowth.cpp">
      <Filter>Source Files</Filter>
    </ClCompile>
    <ClCompile Include="egz2_seedrain.cpp">
      <Filter>Source Files</Filter>
    </ClCompile>
    <ClCompile Include="egz3_SDM.cpp">
      <Filter>Source Files</Filter>
    </ClCompile>
    <ClCompile Include="egz6_ProteinInteraction.cpp">
      <Filter>Source Files</Filter>
    </ClCompile>
    <ClCompile Include="egz7_TreeMort.cpp">
      <Filter>Source Files</Filter>
    </ClCompile>
    <ClCompile Include="eg_technical_IO.cpp">
      <Filter>Source Files</Filter>
    </ClCompile>
    <ClCompile Include="eg08_logistic_regression.cpp">
      <Filter>Source Files</Filter>
    </ClCompile>
    <ClCompile Include="mymodel.cpp">
      <Filter>Source Files</Filter>
    </ClCompile>
  </ItemGroup>
  <ItemGroup>
    <ClInclude Include="examples.h">
      <Filter>Header Files</Filter>
    </ClInclude>
    <ClInclude Include="preamble.h">
      <Filter>Header Files</Filter>
    </ClInclude>
  </ItemGroup>
</Project>